github.com/martignoni/hugo-notice v0.0.0-20220915151719-9571973877af h1:beo4H+y36B4t4wO4fu+rQI/tZDZB45VSLgKrpATezVs=
github.com/martignoni/hugo-notice v0.0.0-20220915151719-9571973877af/go.mod h1:k+PSLmVlZC5iWWxLLOSDQetCCeeqKZQvQJ+AXLg6X1A=
github.com/msfjarvis/hugo-social-metadata v1.0.0 h1:mfLnus8iznPGiyFkJC93eCWr1PrdiNyv2BSONX1ZQVg=
github.com/msfjarvis/hugo-social-metadata v1.0.0/go.mod h1:VfkrQTa9Gvdja58swLlBZz2/7ZEoj5nk9xt0pJAhfVo=
github.com/rouke-broersma/beautifulhugo v0.0.0-20230224200307-57c3a524c70d h1:7/TT/uVqChcWKNbgnA/5ebW3G9mLyZYnKtT4pViejkU=
github.com/rouke-broersma/beautifulhugo v0.0.0-20230224200307-57c3a524c70d/go.mod h1:G2bvxmCsAxpW9/S3KEr0dLkNPnFAOGQh5baCWVSE7NA=
