github.com/martignoni/hugo-notice v0.0.0-20211113131149-2facc5d4d60d h1:x6MnT1jHtyVSuM6z6ea/0GhCa2PTqAf0AIyg4ijKGaA=
github.com/martignoni/hugo-notice v0.0.0-20211113131149-2facc5d4d60d/go.mod h1:k+PSLmVlZC5iWWxLLOSDQetCCeeqKZQvQJ+AXLg6X1A=
github.com/msfjarvis/hugo-social-metadata v1.0.0 h1:mfLnus8iznPGiyFkJC93eCWr1PrdiNyv2BSONX1ZQVg=
github.com/msfjarvis/hugo-social-metadata v1.0.0/go.mod h1:VfkrQTa9Gvdja58swLlBZz2/7ZEoj5nk9xt0pJAhfVo=
github.com/rouke-broersma/beautifulhugo v0.0.0-20220227151000-305b42930997 h1:0XPlzeXcyNRfN629Mn5jvKiEKWnt+9W2HF/FwfO1fHM=
github.com/rouke-broersma/beautifulhugo v0.0.0-20220227151000-305b42930997/go.mod h1:G2bvxmCsAxpW9/S3KEr0dLkNPnFAOGQh5baCWVSE7NA=
github.com/rouke-broersma/beautifulhugo v0.0.0-20220227161353-bf77f6e1e4b3 h1:m4aXNt68EY5p6zwSFzRBW8TsAqeptAnecGZ9+URk6Mc=
github.com/rouke-broersma/beautifulhugo v0.0.0-20220227161353-bf77f6e1e4b3/go.mod h1:G2bvxmCsAxpW9/S3KEr0dLkNPnFAOGQh5baCWVSE7NA=
github.com/rouke-broersma/beautifulhugo v0.0.0-20220227162633-4ed8a0e37863 h1:65g15wtGFYVDgNjIV/RVNk/KUQH60zeVrx8z2taLAhU=
github.com/rouke-broersma/beautifulhugo v0.0.0-20220227162633-4ed8a0e37863/go.mod h1:G2bvxmCsAxpW9/S3KEr0dLkNPnFAOGQh5baCWVSE7NA=
github.com/rouke-broersma/beautifulhugo v0.0.0-20220227163115-7241c9e72ff5 h1:AweIax7l/9hTn+hphLiqoIo4h6FRWbGBr1DV22oRoYU=
github.com/rouke-broersma/beautifulhugo v0.0.0-20220227163115-7241c9e72ff5/go.mod h1:G2bvxmCsAxpW9/S3KEr0dLkNPnFAOGQh5baCWVSE7NA=
github.com/rouke-broersma/beautifulhugo v0.0.0-20220227231811-bdd27568c7a8 h1:m62tvwypxPSrITBYwEy9z71NDTViFf9JD/kiZf9GQuU=
github.com/rouke-broersma/beautifulhugo v0.0.0-20220227231811-bdd27568c7a8/go.mod h1:G2bvxmCsAxpW9/S3KEr0dLkNPnFAOGQh5baCWVSE7NA=
github.com/rouke-broersma/beautifulhugo v0.0.0-20220227232201-e54de555db16 h1:7KtnAb/MrL+ZdD3TvLgzCuZyzsoi2K6F30dDcQp1TMw=
github.com/rouke-broersma/beautifulhugo v0.0.0-20220227232201-e54de555db16/go.mod h1:G2bvxmCsAxpW9/S3KEr0dLkNPnFAOGQh5baCWVSE7NA=
github.com/rouke-broersma/beautifulhugo v0.0.0-20220227232648-e680bb0bef79 h1:vnUvSkY6wQqzLoVK0FQ15/isNXBugEw8XRigCVz4umQ=
github.com/rouke-broersma/beautifulhugo v0.0.0-20220227232648-e680bb0bef79/go.mod h1:G2bvxmCsAxpW9/S3KEr0dLkNPnFAOGQh5baCWVSE7NA=
