github.com/halogenica/beautifulhugo v0.0.0-20210106080152-99ca240e9977 h1:pPJoUP0hd1tTt6wgA2pY3ssiXRWPLzhYF6Bz7hcv0yY=
github.com/halogenica/beautifulhugo v0.0.0-20210106080152-99ca240e9977/go.mod h1:ufPkGvDjUx8ELYtHwaxCSuQeDMIrW7wtDzw/Hqoy4CY=
github.com/martignoni/hugo-notice v0.0.0-20201231104550-13be940d0209 h1:m9TZEJM3nY6y/PNFTiNzQhuxo0X59xpsUHef34oouvw=
github.com/martignoni/hugo-notice v0.0.0-20201231104550-13be940d0209/go.mod h1:k+PSLmVlZC5iWWxLLOSDQetCCeeqKZQvQJ+AXLg6X1A=
